// !$*UTF8*$!
{
	archiveVersion = 1;
	classes = {
	};
	objectVersion = 46;
	objects = {

/* Begin PBXBuildFile section */
		D2505AF61E346B620037E2EF /* testSequence.cpp in Sources */ = {isa = PBXBuildFile; fileRef = D2505AF51E346B620037E2EF /* testSequence.cpp */; };
		D2505AFE1E346C400037E2EF /* Sequence.cpp in Sources */ = {isa = PBXBuildFile; fileRef = D2505AFC1E346C400037E2EF /* Sequence.cpp */; };
		D280DA471E3584A90050804D /* ScoreList.cpp in Sources */ = {isa = PBXBuildFile; fileRef = D280DA451E3584A90050804D /* ScoreList.cpp */; };
		D280DA4A1E35DF2D0050804D /* newSequence.cpp in Sources */ = {isa = PBXBuildFile; fileRef = D280DA481E35DF2D0050804D /* newSequence.cpp */; };
		D280DA4C1E35DF890050804D /* testnewSequence.cpp in Sources */ = {isa = PBXBuildFile; fileRef = D280DA4B1E35DF890050804D /* testnewSequence.cpp */; };
		D280DA4E1E35E99B0050804D /* testScoreList.cpp in Sources */ = {isa = PBXBuildFile; fileRef = D280DA4D1E35E99B0050804D /* testScoreList.cpp */; };
/* End PBXBuildFile section */

/* Begin PBXCopyFilesBuildPhase section */
		D2505AF01E346B620037E2EF /* CopyFiles */ = {
			isa = PBXCopyFilesBuildPhase;
			buildActionMask = 2147483647;
			dstPath = /usr/share/man/man1/;
			dstSubfolderSpec = 0;
			files = (
			);
			runOnlyForDeploymentPostprocessing = 1;
		};
/* End PBXCopyFilesBuildPhase section */

/* Begin PBXFileReference section */
		D2505AF21E346B620037E2EF /* HW1 */ = {isa = PBXFileReference; explicitFileType = "compiled.mach-o.executable"; includeInIndex = 0; path = HW1; sourceTree = BUILT_PRODUCTS_DIR; };
		D2505AF51E346B620037E2EF /* testSequence.cpp */ = {isa = PBXFileReference; lastKnownFileType = sourcecode.cpp.cpp; path = testSequence.cpp; sourceTree = "<group>"; };
		D2505AFC1E346C400037E2EF /* Sequence.cpp */ = {isa = PBXFileReference; fileEncoding = 4; lastKnownFileType = sourcecode.cpp.cpp; path = Sequence.cpp; sourceTree = "<group>"; };
		D2505AFD1E346C400037E2EF /* Sequence.h */ = {isa = PBXFileReference; fileEncoding = 4; lastKnownFileType = sourcecode.c.h; path = Sequence.h; sourceTree = "<group>"; };
		D280DA451E3584A90050804D /* ScoreList.cpp */ = {isa = PBXFileReference; fileEncoding = 4; lastKnownFileType = sourcecode.cpp.cpp; path = ScoreList.cpp; sourceTree = "<group>"; };
		D280DA461E3584A90050804D /* ScoreList.h */ = {isa = PBXFileReference; fileEncoding = 4; lastKnownFileType = sourcecode.c.h; path = ScoreList.h; sourceTree = "<group>"; };
		D280DA481E35DF2D0050804D /* newSequence.cpp */ = {isa = PBXFileReference; fileEncoding = 4; lastKnownFileType = sourcecode.cpp.cpp; path = newSequence.cpp; sourceTree = "<group>"; };
		D280DA491E35DF2D0050804D /* newSequence.h */ = {isa = PBXFileReference; fileEncoding = 4; lastKnownFileType = sourcecode.c.h; path = newSequence.h; sourceTree = "<group>"; };
		D280DA4B1E35DF890050804D /* testnewSequence.cpp */ = {isa = PBXFileReference; fileEncoding = 4; lastKnownFileType = sourcecode.cpp.cpp; path = testnewSequence.cpp; sourceTree = "<group>"; };
		D280DA4D1E35E99B0050804D /* testScoreList.cpp */ = {isa = PBXFileReference; fileEncoding = 4; lastKnownFileType = sourcecode.cpp.cpp; path = testScoreList.cpp; sourceTree = "<group>"; };
/* End PBXFileReference section */

/* Begin PBXFrameworksBuildPhase section */
		D2505AEF1E346B620037E2EF /* Frameworks */ = {
			isa = PBXFrameworksBuildPhase;
			buildActionMask = 2147483647;
			files = (
			);
			runOnlyForDeploymentPostprocessing = 0;
		};
/* End PBXFrameworksBuildPhase section */

/* Begin PBXGroup section */
		D2505AE91E346B620037E2EF = {
			isa = PBXGroup;
			children = (
				D2505AF41E346B620037E2EF /* HW1 */,
				D2505AF31E346B620037E2EF /* Products */,
			);
			sourceTree = "<group>";
		};
		D2505AF31E346B620037E2EF /* Products */ = {
			isa = PBXGroup;
			children = (
				D2505AF21E346B620037E2EF /* HW1 */,
			);
			name = Products;
			sourceTree = "<group>";
		};
		D2505AF41E346B620037E2EF /* HW1 */ = {
			isa = PBXGroup;
			children = (
				D2505AFC1E346C400037E2EF /* Sequence.cpp */,
				D2505AFD1E346C400037E2EF /* Sequence.h */,
				D2505AF51E346B620037E2EF /* testSequence.cpp */,
				D280DA481E35DF2D0050804D /* newSequence.cpp */,
				D280DA491E35DF2D0050804D /* newSequence.h */,
				D280DA4B1E35DF890050804D /* testnewSequence.cpp */,
				D280DA451E3584A90050804D /* ScoreList.cpp */,
				D280DA461E3584A90050804D /* ScoreList.h */,
				D280DA4D1E35E99B0050804D /* testScoreList.cpp */,
			);
			path = HW1;
			sourceTree = "<group>";
		};
/* End PBXGroup section */

/* Begin PBXNativeTarget section */
		D2505AF11E346B620037E2EF /* HW1 */ = {
			isa = PBXNativeTarget;
			buildConfigurationList = D2505AF91E346B620037E2EF /* Build configuration list for PBXNativeTarget "HW1" */;
			buildPhases = (
				D2505AEE1E346B620037E2EF /* Sources */,
				D2505AEF1E346B620037E2EF /* Frameworks */,
				D2505AF01E346B620037E2EF /* CopyFiles */,
			);
			buildRules = (
			);
			dependencies = (
			);
			name = HW1;
			productName = HW1;
			productReference = D2505AF21E346B620037E2EF /* HW1 */;
			productType = "com.apple.product-type.tool";
		};
/* End PBXNativeTarget section */

/* Begin PBXProject section */
		D2505AEA1E346B620037E2EF /* Project object */ = {
			isa = PBXProject;
			attributes = {
				LastUpgradeCheck = 0820;
				ORGANIZATIONNAME = Kevin;
				TargetAttributes = {
					D2505AF11E346B620037E2EF = {
						CreatedOnToolsVersion = 8.2.1;
						ProvisioningStyle = Automatic;
					};
				};
			};
			buildConfigurationList = D2505AED1E346B620037E2EF /* Build configuration list for PBXProject "HW1" */;
			compatibilityVersion = "Xcode 3.2";
			developmentRegion = English;
			hasScannedForEncodings = 0;
			knownRegions = (
				en,
			);
			mainGroup = D2505AE91E346B620037E2EF;
			productRefGroup = D2505AF31E346B620037E2EF /* Products */;
			projectDirPath = "";
			projectRoot = "";
			targets = (
				D2505AF11E346B620037E2EF /* HW1 */,
			);
		};
/* End PBXProject section */

/* Begin PBXSourcesBuildPhase section */
		D2505AEE1E346B620037E2EF /* Sources */ = {
			isa = PBXSourcesBuildPhase;
			buildActionMask = 2147483647;
			files = (
				D280DA471E3584A90050804D /* ScoreList.cpp in Sources */,
				D2505AFE1E346C400037E2EF /* Sequence.cpp in Sources */,
				D2505AF61E346B620037E2EF /* testSequence.cpp in Sources */,
				D280DA4C1E35DF890050804D /* testnewSequence.cpp in Sources */,
				D280DA4E1E35E99B0050804D /* testScoreList.cpp in Sources */,
				D280DA4A1E35DF2D0050804D /* newSequence.cpp in Sources */,
			);
			runOnlyForDeploymentPostprocessing = 0;
		};
/* End PBXSourcesBuildPhase section */

/* Begin XCBuildConfiguration section */
		D2505AF71E346B620037E2EF /* Debug */ = {
			isa = XCBuildConfiguration;
			buildSettings = {
				ALWAYS_SEARCH_USER_PATHS = NO;
				CLANG_ANALYZER_NONNULL = YES;
				CLANG_CXX_LANGUAGE_STANDARD = "gnu++0x";
				CLANG_CXX_LIBRARY = "libc++";
				CLANG_ENABLE_MODULES = YES;
				CLANG_ENABLE_OBJC_ARC = YES;
				CLANG_WARN_BOOL_CONVERSION = YES;
				CLANG_WARN_CONSTANT_CONVERSION = YES;
				CLANG_WARN_DIRECT_OBJC_ISA_USAGE = YES_ERROR;
				CLANG_WARN_DOCUMENTATION_COMMENTS = YES;
				CLANG_WARN_EMPTY_BODY = YES;
				CLANG_WARN_ENUM_CONVERSION = YES;
				CLANG_WARN_INFINITE_RECURSION = YES;
				CLANG_WARN_INT_CONVERSION = YES;
				CLANG_WARN_OBJC_ROOT_CLASS = YES_ERROR;
				CLANG_WARN_SUSPICIOUS_MOVE = YES;
				CLANG_WARN_UNREACHABLE_CODE = YES;
				CLANG_WARN__DUPLICATE_METHOD_MATCH = YES;
				CODE_SIGN_IDENTITY = "-";
				COPY_PHASE_STRIP = NO;
				DEBUG_INFORMATION_FORMAT = dwarf;
				ENABLE_STRICT_OBJC_MSGSEND = YES;
				ENABLE_TESTABILITY = YES;
				GCC_C_LANGUAGE_STANDARD = gnu99;
				GCC_DYNAMIC_NO_PIC = NO;
				GCC_NO_COMMON_BLOCKS = YES;
				GCC_OPTIMIZATION_LEVEL = 0;
				GCC_PREPROCESSOR_DEFINITIONS = (
					"DEBUG=1",
					"$(inherited)",
				);
				GCC_WARN_64_TO_32_BIT_CONVERSION = YES;
				GCC_WARN_ABOUT_RETURN_TYPE = YES_ERROR;
				GCC_WARN_UNDECLARED_SELECTOR = YES;
				GCC_WARN_UNINITIALIZED_AUTOS = YES_AGGRESSIVE;
				GCC_WARN_UNUSED_FUNCTION = YES;
				GCC_WARN_UNUSED_VARIABLE = YES;
				MACOSX_DEPLOYMENT_TARGET = 10.12;
				MTL_ENABLE_DEBUG_INFO = YES;
				ONLY_ACTIVE_ARCH = YES;
				SDKROOT = macosx;
			};
			name = Debug;
		};
		D2505AF81E346B620037E2EF /* Release */ = {
			isa = XCBuildConfiguration;
			buildSettings = {
				ALWAYS_SEARCH_USER_PATHS = NO;
				CLANG_ANALYZER_NONNULL = YES;
				CLANG_CXX_LANGUAGE_STANDARD = "gnu++0x";
				CLANG_CXX_LIBRARY = "libc++";
				CLANG_ENABLE_MODULES = YES;
				CLANG_ENABLE_OBJC_ARC = YES;
				CLANG_WARN_BOOL_CONVERSION = YES;
				CLANG_WARN_CONSTANT_CONVERSION = YES;
				CLANG_WARN_DIRECT_OBJC_ISA_USAGE = YES_ERROR;
				CLANG_WARN_DOCUMENTATION_COMMENTS = YES;
				CLANG_WARN_EMPTY_BODY = YES;
				CLANG_WARN_ENUM_CONVERSION = YES;
				CLANG_WARN_INFINITE_RECURSION = YES;
				CLANG_WARN_INT_CONVERSION = YES;
				CLANG_WARN_OBJC_ROOT_CLASS = YES_ERROR;
				CLANG_WARN_SUSPICIOUS_MOVE = YES;
				CLANG_WARN_UNREACHABLE_CODE = YES;
				CLANG_WARN__DUPLICATE_METHOD_MATCH = YES;
				CODE_SIGN_IDENTITY = "-";
				COPY_PHASE_STRIP = NO;
				DEBUG_INFORMATION_FORMAT = "dwarf-with-dsym";
				ENABLE_NS_ASSERTIONS = NO;
				ENABLE_STRICT_OBJC_MSGSEND = YES;
				GCC_C_LANGUAGE_STANDARD = gnu99;
				GCC_NO_COMMON_BLOCKS = YES;
				GCC_WARN_64_TO_32_BIT_CONVERSION = YES;
				GCC_WARN_ABOUT_RETURN_TYPE = YES_ERROR;
				GCC_WARN_UNDECLARED_SELECTOR = YES;
				GCC_WARN_UNINITIALIZED_AUTOS = YES_AGGRESSIVE;
				GCC_WARN_UNUSED_FUNCTION = YES;
				GCC_WARN_UNUSED_VARIABLE = YES;
				MACOSX_DEPLOYMENT_TARGET = 10.12;
				MTL_ENABLE_DEBUG_INFO = NO;
				SDKROOT = macosx;
			};
			name = Release;
		};
		D2505AFA1E346B620037E2EF /* Debug */ = {
			isa = XCBuildConfiguration;
			buildSettings = {
				PRODUCT_NAME = "$(TARGET_NAME)";
			};
			name = Debug;
		};
		D2505AFB1E346B620037E2EF /* Release */ = {
			isa = XCBuildConfiguration;
			buildSettings = {
				PRODUCT_NAME = "$(TARGET_NAME)";
			};
			name = Release;
		};
/* End XCBuildConfiguration section */

/* Begin XCConfigurationList section */
		D2505AED1E346B620037E2EF /* Build configuration list for PBXProject "HW1" */ = {
			isa = XCConfigurationList;
			buildConfigurations = (
				D2505AF71E346B620037E2EF /* Debug */,
				D2505AF81E346B620037E2EF /* Release */,
			);
			defaultConfigurationIsVisible = 0;
			defaultConfigurationName = Release;
		};
		D2505AF91E346B620037E2EF /* Build configuration list for PBXNativeTarget "HW1" */ = {
			isa = XCConfigurationList;
			buildConfigurations = (
				D2505AFA1E346B620037E2EF /* Debug */,
				D2505AFB1E346B620037E2EF /* Release */,
			);
			defaultConfigurationIsVisible = 0;
			defaultConfigurationName = Release;
		};
/* End XCConfigurationList section */
	};
	rootObject = D2505AEA1E346B620037E2EF /* Project object */;
}
