// !$*UTF8*$!
{
	archiveVersion = 1;
	classes = {
	};
	objectVersion = 46;
	objects = {

/* Begin PBXBuildFile section */
		D26C07341E7770F900AB6488 /* MapLoader.cpp in Sources */ = {isa = PBXBuildFile; fileRef = D26C07311E7770F900AB6488 /* MapLoader.cpp */; };
		D26C07351E7770F900AB6488 /* AttractionMapper.cpp in Sources */ = {isa = PBXBuildFile; fileRef = D26C07321E7770F900AB6488 /* AttractionMapper.cpp */; };
		D26C07361E7770F900AB6488 /* SegmentMapper.cpp in Sources */ = {isa = PBXBuildFile; fileRef = D26C07331E7770F900AB6488 /* SegmentMapper.cpp */; };
		D27259B81E749E8B00C527A3 /* main.cpp in Sources */ = {isa = PBXBuildFile; fileRef = D27259B71E749E8B00C527A3 /* main.cpp */; };
		D27259C31E74A05900C527A3 /* Navigator.cpp in Sources */ = {isa = PBXBuildFile; fileRef = D27259C11E74A05900C527A3 /* Navigator.cpp */; };
		D27259C91E74A32300C527A3 /* support.cpp in Sources */ = {isa = PBXBuildFile; fileRef = D27259C71E74A32300C527A3 /* support.cpp */; };
/* End PBXBuildFile section */

/* Begin PBXCopyFilesBuildPhase section */
		D27259B21E749E8A00C527A3 /* CopyFiles */ = {
			isa = PBXCopyFilesBuildPhase;
			buildActionMask = 2147483647;
			dstPath = /usr/share/man/man1/;
			dstSubfolderSpec = 0;
			files = (
			);
			runOnlyForDeploymentPostprocessing = 1;
		};
/* End PBXCopyFilesBuildPhase section */

/* Begin PBXFileReference section */
		D26C07311E7770F900AB6488 /* MapLoader.cpp */ = {isa = PBXFileReference; fileEncoding = 4; lastKnownFileType = sourcecode.cpp.cpp; path = MapLoader.cpp; sourceTree = "<group>"; };
		D26C07321E7770F900AB6488 /* AttractionMapper.cpp */ = {isa = PBXFileReference; fileEncoding = 4; lastKnownFileType = sourcecode.cpp.cpp; path = AttractionMapper.cpp; sourceTree = "<group>"; };
		D26C07331E7770F900AB6488 /* SegmentMapper.cpp */ = {isa = PBXFileReference; fileEncoding = 4; lastKnownFileType = sourcecode.cpp.cpp; path = SegmentMapper.cpp; sourceTree = "<group>"; };
		D27259B41E749E8B00C527A3 /* Project4 */ = {isa = PBXFileReference; explicitFileType = "compiled.mach-o.executable"; includeInIndex = 0; path = Project4; sourceTree = BUILT_PRODUCTS_DIR; };
		D27259B71E749E8B00C527A3 /* main.cpp */ = {isa = PBXFileReference; lastKnownFileType = sourcecode.cpp.cpp; path = main.cpp; sourceTree = "<group>"; };
		D27259C11E74A05900C527A3 /* Navigator.cpp */ = {isa = PBXFileReference; fileEncoding = 4; lastKnownFileType = sourcecode.cpp.cpp; path = Navigator.cpp; sourceTree = "<group>"; };
		D27259C21E74A05900C527A3 /* MyMap.h */ = {isa = PBXFileReference; fileEncoding = 4; lastKnownFileType = sourcecode.c.h; path = MyMap.h; sourceTree = "<group>"; };
		D27259C51E74A09000C527A3 /* provided.h */ = {isa = PBXFileReference; fileEncoding = 4; lastKnownFileType = sourcecode.c.h; path = provided.h; sourceTree = "<group>"; };
		D27259C71E74A32300C527A3 /* support.cpp */ = {isa = PBXFileReference; fileEncoding = 4; lastKnownFileType = sourcecode.cpp.cpp; path = support.cpp; sourceTree = "<group>"; };
		D27259C81E74A32300C527A3 /* support.h */ = {isa = PBXFileReference; fileEncoding = 4; lastKnownFileType = sourcecode.c.h; path = support.h; sourceTree = "<group>"; };
		D27840501E7B3353009E559F /* testmap.txt */ = {isa = PBXFileReference; fileEncoding = 4; lastKnownFileType = text; path = testmap.txt; sourceTree = "<group>"; };
		D282D2541E79F4C600DDDC4E /* validlocs.txt */ = {isa = PBXFileReference; fileEncoding = 4; lastKnownFileType = text; path = validlocs.txt; sourceTree = "<group>"; };
		D282D2551E79F4C600DDDC4E /* mapdata.txt */ = {isa = PBXFileReference; fileEncoding = 4; lastKnownFileType = text; path = mapdata.txt; sourceTree = "<group>"; };
/* End PBXFileReference section */

/* Begin PBXFrameworksBuildPhase section */
		D27259B11E749E8A00C527A3 /* Frameworks */ = {
			isa = PBXFrameworksBuildPhase;
			buildActionMask = 2147483647;
			files = (
			);
			runOnlyForDeploymentPostprocessing = 0;
		};
/* End PBXFrameworksBuildPhase section */

/* Begin PBXGroup section */
		D27259AB1E749E8A00C527A3 = {
			isa = PBXGroup;
			children = (
				D27259B61E749E8B00C527A3 /* Project4 */,
				D27259B51E749E8B00C527A3 /* Products */,
			);
			sourceTree = "<group>";
		};
		D27259B51E749E8B00C527A3 /* Products */ = {
			isa = PBXGroup;
			children = (
				D27259B41E749E8B00C527A3 /* Project4 */,
			);
			name = Products;
			sourceTree = "<group>";
		};
		D27259B61E749E8B00C527A3 /* Project4 */ = {
			isa = PBXGroup;
			children = (
				D27259C21E74A05900C527A3 /* MyMap.h */,
				D26C07311E7770F900AB6488 /* MapLoader.cpp */,
				D26C07321E7770F900AB6488 /* AttractionMapper.cpp */,
				D26C07331E7770F900AB6488 /* SegmentMapper.cpp */,
				D27259C11E74A05900C527A3 /* Navigator.cpp */,
				D27259B71E749E8B00C527A3 /* main.cpp */,
				D27840501E7B3353009E559F /* testmap.txt */,
				D27259C81E74A32300C527A3 /* support.h */,
				D27259C71E74A32300C527A3 /* support.cpp */,
				D27259C51E74A09000C527A3 /* provided.h */,
				D282D2541E79F4C600DDDC4E /* validlocs.txt */,
				D282D2551E79F4C600DDDC4E /* mapdata.txt */,
			);
			path = Project4;
			sourceTree = "<group>";
		};
/* End PBXGroup section */

/* Begin PBXNativeTarget section */
		D27259B31E749E8A00C527A3 /* Project4 */ = {
			isa = PBXNativeTarget;
			buildConfigurationList = D27259BB1E749E8B00C527A3 /* Build configuration list for PBXNativeTarget "Project4" */;
			buildPhases = (
				D27259B01E749E8A00C527A3 /* Sources */,
				D27259B11E749E8A00C527A3 /* Frameworks */,
				D27259B21E749E8A00C527A3 /* CopyFiles */,
			);
			buildRules = (
			);
			dependencies = (
			);
			name = Project4;
			productName = Project4;
			productReference = D27259B41E749E8B00C527A3 /* Project4 */;
			productType = "com.apple.product-type.tool";
		};
/* End PBXNativeTarget section */

/* Begin PBXProject section */
		D27259AC1E749E8A00C527A3 /* Project object */ = {
			isa = PBXProject;
			attributes = {
				LastUpgradeCheck = 0820;
				ORGANIZATIONNAME = Kevin;
				TargetAttributes = {
					D27259B31E749E8A00C527A3 = {
						CreatedOnToolsVersion = 8.2.1;
						ProvisioningStyle = Automatic;
					};
				};
			};
			buildConfigurationList = D27259AF1E749E8A00C527A3 /* Build configuration list for PBXProject "Project4" */;
			compatibilityVersion = "Xcode 3.2";
			developmentRegion = English;
			hasScannedForEncodings = 0;
			knownRegions = (
				en,
			);
			mainGroup = D27259AB1E749E8A00C527A3;
			productRefGroup = D27259B51E749E8B00C527A3 /* Products */;
			projectDirPath = "";
			projectRoot = "";
			targets = (
				D27259B31E749E8A00C527A3 /* Project4 */,
			);
		};
/* End PBXProject section */

/* Begin PBXSourcesBuildPhase section */
		D27259B01E749E8A00C527A3 /* Sources */ = {
			isa = PBXSourcesBuildPhase;
			buildActionMask = 2147483647;
			files = (
				D27259C91E74A32300C527A3 /* support.cpp in Sources */,
				D26C07351E7770F900AB6488 /* AttractionMapper.cpp in Sources */,
				D26C07341E7770F900AB6488 /* MapLoader.cpp in Sources */,
				D27259B81E749E8B00C527A3 /* main.cpp in Sources */,
				D26C07361E7770F900AB6488 /* SegmentMapper.cpp in Sources */,
				D27259C31E74A05900C527A3 /* Navigator.cpp in Sources */,
			);
			runOnlyForDeploymentPostprocessing = 0;
		};
/* End PBXSourcesBuildPhase section */

/* Begin XCBuildConfiguration section */
		D27259B91E749E8B00C527A3 /* Debug */ = {
			isa = XCBuildConfiguration;
			buildSettings = {
				ALWAYS_SEARCH_USER_PATHS = NO;
				CLANG_ANALYZER_NONNULL = YES;
				CLANG_CXX_LANGUAGE_STANDARD = "gnu++0x";
				CLANG_CXX_LIBRARY = "libc++";
				CLANG_ENABLE_MODULES = YES;
				CLANG_ENABLE_OBJC_ARC = YES;
				CLANG_WARN_BOOL_CONVERSION = YES;
				CLANG_WARN_CONSTANT_CONVERSION = YES;
				CLANG_WARN_DIRECT_OBJC_ISA_USAGE = YES_ERROR;
				CLANG_WARN_DOCUMENTATION_COMMENTS = YES;
				CLANG_WARN_EMPTY_BODY = YES;
				CLANG_WARN_ENUM_CONVERSION = YES;
				CLANG_WARN_INFINITE_RECURSION = YES;
				CLANG_WARN_INT_CONVERSION = YES;
				CLANG_WARN_OBJC_ROOT_CLASS = YES_ERROR;
				CLANG_WARN_SUSPICIOUS_MOVE = YES;
				CLANG_WARN_UNREACHABLE_CODE = YES;
				CLANG_WARN__DUPLICATE_METHOD_MATCH = YES;
				CODE_SIGN_IDENTITY = "-";
				COPY_PHASE_STRIP = NO;
				DEBUG_INFORMATION_FORMAT = dwarf;
				ENABLE_STRICT_OBJC_MSGSEND = YES;
				ENABLE_TESTABILITY = YES;
				GCC_C_LANGUAGE_STANDARD = gnu99;
				GCC_DYNAMIC_NO_PIC = NO;
				GCC_NO_COMMON_BLOCKS = YES;
				GCC_OPTIMIZATION_LEVEL = 0;
				GCC_PREPROCESSOR_DEFINITIONS = (
					"DEBUG=1",
					"$(inherited)",
				);
				GCC_WARN_64_TO_32_BIT_CONVERSION = YES;
				GCC_WARN_ABOUT_RETURN_TYPE = YES_ERROR;
				GCC_WARN_UNDECLARED_SELECTOR = YES;
				GCC_WARN_UNINITIALIZED_AUTOS = YES_AGGRESSIVE;
				GCC_WARN_UNUSED_FUNCTION = YES;
				GCC_WARN_UNUSED_VARIABLE = YES;
				MACOSX_DEPLOYMENT_TARGET = 10.12;
				MTL_ENABLE_DEBUG_INFO = YES;
				ONLY_ACTIVE_ARCH = YES;
				SDKROOT = macosx;
			};
			name = Debug;
		};
		D27259BA1E749E8B00C527A3 /* Release */ = {
			isa = XCBuildConfiguration;
			buildSettings = {
				ALWAYS_SEARCH_USER_PATHS = NO;
				CLANG_ANALYZER_NONNULL = YES;
				CLANG_CXX_LANGUAGE_STANDARD = "gnu++0x";
				CLANG_CXX_LIBRARY = "libc++";
				CLANG_ENABLE_MODULES = YES;
				CLANG_ENABLE_OBJC_ARC = YES;
				CLANG_WARN_BOOL_CONVERSION = YES;
				CLANG_WARN_CONSTANT_CONVERSION = YES;
				CLANG_WARN_DIRECT_OBJC_ISA_USAGE = YES_ERROR;
				CLANG_WARN_DOCUMENTATION_COMMENTS = YES;
				CLANG_WARN_EMPTY_BODY = YES;
				CLANG_WARN_ENUM_CONVERSION = YES;
				CLANG_WARN_INFINITE_RECURSION = YES;
				CLANG_WARN_INT_CONVERSION = YES;
				CLANG_WARN_OBJC_ROOT_CLASS = YES_ERROR;
				CLANG_WARN_SUSPICIOUS_MOVE = YES;
				CLANG_WARN_UNREACHABLE_CODE = YES;
				CLANG_WARN__DUPLICATE_METHOD_MATCH = YES;
				CODE_SIGN_IDENTITY = "-";
				COPY_PHASE_STRIP = NO;
				DEBUG_INFORMATION_FORMAT = "dwarf-with-dsym";
				ENABLE_NS_ASSERTIONS = NO;
				ENABLE_STRICT_OBJC_MSGSEND = YES;
				GCC_C_LANGUAGE_STANDARD = gnu99;
				GCC_NO_COMMON_BLOCKS = YES;
				GCC_WARN_64_TO_32_BIT_CONVERSION = YES;
				GCC_WARN_ABOUT_RETURN_TYPE = YES_ERROR;
				GCC_WARN_UNDECLARED_SELECTOR = YES;
				GCC_WARN_UNINITIALIZED_AUTOS = YES_AGGRESSIVE;
				GCC_WARN_UNUSED_FUNCTION = YES;
				GCC_WARN_UNUSED_VARIABLE = YES;
				MACOSX_DEPLOYMENT_TARGET = 10.12;
				MTL_ENABLE_DEBUG_INFO = NO;
				SDKROOT = macosx;
			};
			name = Release;
		};
		D27259BC1E749E8B00C527A3 /* Debug */ = {
			isa = XCBuildConfiguration;
			buildSettings = {
				PRODUCT_NAME = "$(TARGET_NAME)";
			};
			name = Debug;
		};
		D27259BD1E749E8B00C527A3 /* Release */ = {
			isa = XCBuildConfiguration;
			buildSettings = {
				PRODUCT_NAME = "$(TARGET_NAME)";
			};
			name = Release;
		};
/* End XCBuildConfiguration section */

/* Begin XCConfigurationList section */
		D27259AF1E749E8A00C527A3 /* Build configuration list for PBXProject "Project4" */ = {
			isa = XCConfigurationList;
			buildConfigurations = (
				D27259B91E749E8B00C527A3 /* Debug */,
				D27259BA1E749E8B00C527A3 /* Release */,
			);
			defaultConfigurationIsVisible = 0;
			defaultConfigurationName = Release;
		};
		D27259BB1E749E8B00C527A3 /* Build configuration list for PBXNativeTarget "Project4" */ = {
			isa = XCConfigurationList;
			buildConfigurations = (
				D27259BC1E749E8B00C527A3 /* Debug */,
				D27259BD1E749E8B00C527A3 /* Release */,
			);
			defaultConfigurationIsVisible = 0;
			defaultConfigurationName = Release;
		};
/* End XCConfigurationList section */
	};
	rootObject = D27259AC1E749E8A00C527A3 /* Project object */;
}
